
Microsoft Visual Studio Solution File, Format Version 12.00
# Visual Studio Version 16
VisualStudioVersion = 16.0.32630.194
MinimumVisualStudioVersion = 10.0.40219.1
Project("{FAE04EC0-301F-11D3-BF4B-00C04F79EFBC}") = "ProductDemo", "ProductDemo\ProductDemo.csproj", "{E97B0204-FF22-473D-A50B-CB6048C638D8}"
EndProject
Project("{FAE04EC0-301F-11D3-BF4B-00C04F79EFBC}") = "Core", "Core\Core.csproj", "{4DFFF2D0-3E98-4477-89CD-E1C9E5B7166A}"
EndProject
Project("{FAE04EC0-301F-11D3-BF4B-00C04F79EFBC}") = "InfraStructure", "InfraStructure\InfraStructure.csproj", "{FAD38498-1206-4E00-8976-41D3A4D0C195}"
EndProject
Global
	GlobalSection(SolutionConfigurationPlatforms) = preSolution
		Debug|Any CPU = Debug|Any CPU
		Release|Any CPU = Release|Any CPU
	EndGlobalSection
	GlobalSection(ProjectConfigurationPlatforms) = postSolution
		{E97B0204-FF22-473D-A50B-CB6048C638D8}.Debug|Any CPU.ActiveCfg = Debug|Any CPU
		{E97B0204-FF22-473D-A50B-CB6048C638D8}.Debug|Any CPU.Build.0 = Debug|Any CPU
		{E97B0204-FF22-473D-A50B-CB6048C638D8}.Release|Any CPU.ActiveCfg = Release|Any CPU
		{E97B0204-FF22-473D-A50B-CB6048C638D8}.Release|Any CPU.Build.0 = Release|Any CPU
		{4DFFF2D0-3E98-4477-89CD-E1C9E5B7166A}.Debug|Any CPU.ActiveCfg = Debug|Any CPU
		{4DFFF2D0-3E98-4477-89CD-E1C9E5B7166A}.Debug|Any CPU.Build.0 = Debug|Any CPU
		{4DFFF2D0-3E98-4477-89CD-E1C9E5B7166A}.Release|Any CPU.ActiveCfg = Release|Any CPU
		{4DFFF2D0-3E98-4477-89CD-E1C9E5B7166A}.Release|Any CPU.Build.0 = Release|Any CPU
		{FAD38498-1206-4E00-8976-41D3A4D0C195}.Debug|Any CPU.ActiveCfg = Debug|Any CPU
		{FAD38498-1206-4E00-8976-41D3A4D0C195}.Debug|Any CPU.Build.0 = Debug|Any CPU
		{FAD38498-1206-4E00-8976-41D3A4D0C195}.Release|Any CPU.ActiveCfg = Release|Any CPU
		{FAD38498-1206-4E00-8976-41D3A4D0C195}.Release|Any CPU.Build.0 = Release|Any CPU
	EndGlobalSection
	GlobalSection(SolutionProperties) = preSolution
		HideSolutionNode = FALSE
	EndGlobalSection
	GlobalSection(ExtensibilityGlobals) = postSolution
		SolutionGuid = {64AD1CDF-E1D2-4A54-BCB1-DE4D06EF5399}
	EndGlobalSection
EndGlobal
